
Microsoft Visual Studio Solution File, Format Version 12.00
# Visual Studio 2013
VisualStudioVersion = 12.0.40629.0
MinimumVisualStudioVersion = 10.0.40219.1
Project("{FAE04EC0-301F-11D3-BF4B-00C04F79EFBC}") = "JustMock", "JustMock\JustMock.csproj", "{EC9CF0A8-248C-4CCF-A323-D66D40BA6B92}"
EndProject
Project("{FAE04EC0-301F-11D3-BF4B-00C04F79EFBC}") = "JustMock.Tests", "JustMock.Tests\JustMock.Tests.csproj", "{2FD50B4D-9626-4050-A7E5-478E74146CB6}"
EndProject
Global
	GlobalSection(SolutionConfigurationPlatforms) = preSolution
		Debug|Any CPU = Debug|Any CPU
		Release|Any CPU = Release|Any CPU
	EndGlobalSection
	GlobalSection(ProjectConfigurationPlatforms) = postSolution
		{EC9CF0A8-248C-4CCF-A323-D66D40BA6B92}.Debug|Any CPU.ActiveCfg = Debug|Any CPU
		{EC9CF0A8-248C-4CCF-A323-D66D40BA6B92}.Debug|Any CPU.Build.0 = Debug|Any CPU
		{EC9CF0A8-248C-4CCF-A323-D66D40BA6B92}.Release|Any CPU.ActiveCfg = Release|Any CPU
		{EC9CF0A8-248C-4CCF-A323-D66D40BA6B92}.Release|Any CPU.Build.0 = Release|Any CPU
		{2FD50B4D-9626-4050-A7E5-478E74146CB6}.Debug|Any CPU.ActiveCfg = Debug|Any CPU
		{2FD50B4D-9626-4050-A7E5-478E74146CB6}.Debug|Any CPU.Build.0 = Debug|Any CPU
		{2FD50B4D-9626-4050-A7E5-478E74146CB6}.Release|Any CPU.ActiveCfg = Release|Any CPU
		{2FD50B4D-9626-4050-A7E5-478E74146CB6}.Release|Any CPU.Build.0 = Release|Any CPU
	EndGlobalSection
	GlobalSection(SolutionProperties) = preSolution
		HideSolutionNode = FALSE
	EndGlobalSection
EndGlobal
